
Microsoft Visual Studio Solution File, Format Version 12.00
# Visual Studio Version 16
VisualStudioVersion = 16.0.31424.327
MinimumVisualStudioVersion = 10.0.40219.1
Project("{FAE04EC0-301F-11D3-BF4B-00C04F79EFBC}") = "Lab", "Lab\Lab.csproj", "{5582EF84-E4F9-44D9-BBBC-5982364C60A3}"
EndProject
Global
	GlobalSection(SolutionConfigurationPlatforms) = preSolution
		Debug|Any CPU = Debug|Any CPU
		Release|Any CPU = Release|Any CPU
	EndGlobalSection
	GlobalSection(ProjectConfigurationPlatforms) = postSolution
		{5582EF84-E4F9-44D9-BBBC-5982364C60A3}.Debug|Any CPU.ActiveCfg = Debug|Any CPU
		{5582EF84-E4F9-44D9-BBBC-5982364C60A3}.Debug|Any CPU.Build.0 = Debug|Any CPU
		{5582EF84-E4F9-44D9-BBBC-5982364C60A3}.Release|Any CPU.ActiveCfg = Release|Any CPU
		{5582EF84-E4F9-44D9-BBBC-5982364C60A3}.Release|Any CPU.Build.0 = Release|Any CPU
	EndGlobalSection
	GlobalSection(SolutionProperties) = preSolution
		HideSolutionNode = FALSE
	EndGlobalSection
	GlobalSection(ExtensibilityGlobals) = postSolution
		SolutionGuid = {76EA2E39-A233-42AD-B4E4-120D7D9FAC1D}
	EndGlobalSection
EndGlobal
