
Microsoft Visual Studio Solution File, Format Version 12.00
# Visual Studio Version 16
VisualStudioVersion = 16.0.31424.327
MinimumVisualStudioVersion = 10.0.40219.1
Project("{FAE04EC0-301F-11D3-BF4B-00C04F79EFBC}") = "Lab5", "Lab5\Lab5.csproj", "{1225D431-2BC2-43E9-94E8-0C7AD65B5760}"
EndProject
Global
	GlobalSection(SolutionConfigurationPlatforms) = preSolution
		Debug|Any CPU = Debug|Any CPU
		Release|Any CPU = Release|Any CPU
	EndGlobalSection
	GlobalSection(ProjectConfigurationPlatforms) = postSolution
		{1225D431-2BC2-43E9-94E8-0C7AD65B5760}.Debug|Any CPU.ActiveCfg = Debug|Any CPU
		{1225D431-2BC2-43E9-94E8-0C7AD65B5760}.Debug|Any CPU.Build.0 = Debug|Any CPU
		{1225D431-2BC2-43E9-94E8-0C7AD65B5760}.Release|Any CPU.ActiveCfg = Release|Any CPU
		{1225D431-2BC2-43E9-94E8-0C7AD65B5760}.Release|Any CPU.Build.0 = Release|Any CPU
	EndGlobalSection
	GlobalSection(SolutionProperties) = preSolution
		HideSolutionNode = FALSE
	EndGlobalSection
	GlobalSection(ExtensibilityGlobals) = postSolution
		SolutionGuid = {3534B672-A98D-4762-B6E4-AD46C2836251}
	EndGlobalSection
EndGlobal
